
Microsoft Visual Studio Solution File, Format Version 12.00
# Visual Studio Version 17
VisualStudioVersion = 17.11.35208.52
MinimumVisualStudioVersion = 10.0.40219.1
Project("{2150E333-8FDC-42A3-9474-1A3956D46DE8}") = "Services", "Services", "{AB8736E8-FCFA-45E0-A17D-17E23FEAE192}"
EndProject
Project("{2150E333-8FDC-42A3-9474-1A3956D46DE8}") = "Catalog", "Catalog", "{24C6E89C-50E2-4A87-BB1C-4412BA623B52}"
EndProject
Project("{9A19103F-16F7-4668-BE54-9A1E7A4F7556}") = "Catalog.API", "Catalog.API\Catalog.API.csproj", "{D8B408AA-D783-4294-AD03-0287506F1A8D}"
EndProject
Project("{2150E333-8FDC-42A3-9474-1A3956D46DE8}") = "BuildingBlocks", "BuildingBlocks", "{3C35D063-A6F6-44D1-AF2E-47446D550B3A}"
EndProject
Project("{9A19103F-16F7-4668-BE54-9A1E7A4F7556}") = "BuildingBlocks", "BuildingBlocks\BuildingBlocks.csproj", "{03A37BFE-4D8D-48BB-A4D4-C7BBA93B6915}"
EndProject
Project("{E53339B2-1760-4266-BCC7-CA923CBCF16C}") = "docker-compose", "docker-compose.dcproj", "{4F976ABB-51F0-44CD-A418-7F95B6F74362}"
EndProject
Global
	GlobalSection(SolutionConfigurationPlatforms) = preSolution
		Debug|Any CPU = Debug|Any CPU
		Release|Any CPU = Release|Any CPU
	EndGlobalSection
	GlobalSection(ProjectConfigurationPlatforms) = postSolution
		{D8B408AA-D783-4294-AD03-0287506F1A8D}.Debug|Any CPU.ActiveCfg = Debug|Any CPU
		{D8B408AA-D783-4294-AD03-0287506F1A8D}.Debug|Any CPU.Build.0 = Debug|Any CPU
		{D8B408AA-D783-4294-AD03-0287506F1A8D}.Release|Any CPU.ActiveCfg = Release|Any CPU
		{D8B408AA-D783-4294-AD03-0287506F1A8D}.Release|Any CPU.Build.0 = Release|Any CPU
		{03A37BFE-4D8D-48BB-A4D4-C7BBA93B6915}.Debug|Any CPU.ActiveCfg = Debug|Any CPU
		{03A37BFE-4D8D-48BB-A4D4-C7BBA93B6915}.Debug|Any CPU.Build.0 = Debug|Any CPU
		{03A37BFE-4D8D-48BB-A4D4-C7BBA93B6915}.Release|Any CPU.ActiveCfg = Release|Any CPU
		{03A37BFE-4D8D-48BB-A4D4-C7BBA93B6915}.Release|Any CPU.Build.0 = Release|Any CPU
		{4F976ABB-51F0-44CD-A418-7F95B6F74362}.Debug|Any CPU.ActiveCfg = Debug|Any CPU
		{4F976ABB-51F0-44CD-A418-7F95B6F74362}.Debug|Any CPU.Build.0 = Debug|Any CPU
		{4F976ABB-51F0-44CD-A418-7F95B6F74362}.Release|Any CPU.ActiveCfg = Release|Any CPU
		{4F976ABB-51F0-44CD-A418-7F95B6F74362}.Release|Any CPU.Build.0 = Release|Any CPU
	EndGlobalSection
	GlobalSection(SolutionProperties) = preSolution
		HideSolutionNode = FALSE
	EndGlobalSection
	GlobalSection(NestedProjects) = preSolution
		{24C6E89C-50E2-4A87-BB1C-4412BA623B52} = {AB8736E8-FCFA-45E0-A17D-17E23FEAE192}
		{D8B408AA-D783-4294-AD03-0287506F1A8D} = {24C6E89C-50E2-4A87-BB1C-4412BA623B52}
		{03A37BFE-4D8D-48BB-A4D4-C7BBA93B6915} = {3C35D063-A6F6-44D1-AF2E-47446D550B3A}
	EndGlobalSection
	GlobalSection(ExtensibilityGlobals) = postSolution
		SolutionGuid = {0CE2D08D-7BFA-46BE-8967-B349A0CFF6B6}
	EndGlobalSection
EndGlobal
